
Microsoft Visual Studio Solution File, Format Version 12.00
# Visual Studio Version 17
VisualStudioVersion = 17.1.32210.238
MinimumVisualStudioVersion = 10.0.40219.1
Project("{9A19103F-16F7-4668-BE54-9A1E7A4F7556}") = "NFTURS_HFT_2021222.Client", "NFTURS_HFT_2021222.Client\NFTURS_HFT_2021222.Client.csproj", "{0276CF16-08D7-4EAE-A186-6299673EC1FF}"
EndProject
Project("{9A19103F-16F7-4668-BE54-9A1E7A4F7556}") = "NFTURS_HFT_2021222.Models", "NFTURS_HFT_2021222.Models\NFTURS_HFT_2021222.Models.csproj", "{06985F4E-0AD0-444A-B077-487D487E3286}"
EndProject
Project("{9A19103F-16F7-4668-BE54-9A1E7A4F7556}") = "NFTURS_HFT_2021222.Logic", "NFTURS_HFT_2021222.Logic\NFTURS_HFT_2021222.Logic.csproj", "{89DD2966-E196-4034-AB76-04BEF0C9AD1B}"
EndProject
Project("{9A19103F-16F7-4668-BE54-9A1E7A4F7556}") = "NFTURS_HFT_2021222.Repository", "NFTURS_HFT_2021222.Repository\NFTURS_HFT_2021222.Repository.csproj", "{D76C7DC6-A613-4674-A626-6C9B2BFB2828}"
EndProject
Project("{9A19103F-16F7-4668-BE54-9A1E7A4F7556}") = "NFTURS_HFT_2021222.Test", "NFTURS_HFT_2021222.Test\NFTURS_HFT_2021222.Test.csproj", "{F60DF610-8161-4E87-8CE4-E4F0DA13CA38}"
EndProject
Project("{2150E333-8FDC-42A3-9474-1A3956D46DE8}") = "Backend", "Backend", "{6C79D497-A610-430F-A77D-417AAB9F3D95}"
EndProject
Project("{2150E333-8FDC-42A3-9474-1A3956D46DE8}") = "Frontend", "Frontend", "{61648849-7FF4-442D-8AEB-129D79CE7ABE}"
EndProject
Project("{2150E333-8FDC-42A3-9474-1A3956D46DE8}") = "Shared", "Shared", "{08033D37-FA36-4905-A45E-830766FFFE4B}"
EndProject
Project("{2150E333-8FDC-42A3-9474-1A3956D46DE8}") = "Others", "Others", "{E1526EB3-0BED-4931-8733-5666B54D0EB9}"
	ProjectSection(SolutionItems) = preProject
		.gitignore = .gitignore
	EndProjectSection
EndProject
Project("{9A19103F-16F7-4668-BE54-9A1E7A4F7556}") = "NFTURS_HFT_2021222.Endpoint", "NFTURS_HFT_2021222.Endpoint\NFTURS_HFT_2021222.Endpoint.csproj", "{93059E61-80EC-45CD-8F21-959462AA3EDD}"
EndProject
Project("{FAE04EC0-301F-11D3-BF4B-00C04F79EFBC}") = "NFTURS_HFT_2021222.WPFClient", "NFTURS_HFT_2021222.WPFClient\NFTURS_HFT_2021222.WPFClient.csproj", "{44CB96A0-B170-4935-A316-85D3501D3391}"
EndProject
Global
	GlobalSection(SolutionConfigurationPlatforms) = preSolution
		Debug|Any CPU = Debug|Any CPU
		Release|Any CPU = Release|Any CPU
	EndGlobalSection
	GlobalSection(ProjectConfigurationPlatforms) = postSolution
		{0276CF16-08D7-4EAE-A186-6299673EC1FF}.Debug|Any CPU.ActiveCfg = Debug|Any CPU
		{0276CF16-08D7-4EAE-A186-6299673EC1FF}.Debug|Any CPU.Build.0 = Debug|Any CPU
		{0276CF16-08D7-4EAE-A186-6299673EC1FF}.Release|Any CPU.ActiveCfg = Release|Any CPU
		{0276CF16-08D7-4EAE-A186-6299673EC1FF}.Release|Any CPU.Build.0 = Release|Any CPU
		{06985F4E-0AD0-444A-B077-487D487E3286}.Debug|Any CPU.ActiveCfg = Debug|Any CPU
		{06985F4E-0AD0-444A-B077-487D487E3286}.Debug|Any CPU.Build.0 = Debug|Any CPU
		{06985F4E-0AD0-444A-B077-487D487E3286}.Release|Any CPU.ActiveCfg = Release|Any CPU
		{06985F4E-0AD0-444A-B077-487D487E3286}.Release|Any CPU.Build.0 = Release|Any CPU
		{89DD2966-E196-4034-AB76-04BEF0C9AD1B}.Debug|Any CPU.ActiveCfg = Debug|Any CPU
		{89DD2966-E196-4034-AB76-04BEF0C9AD1B}.Debug|Any CPU.Build.0 = Debug|Any CPU
		{89DD2966-E196-4034-AB76-04BEF0C9AD1B}.Release|Any CPU.ActiveCfg = Release|Any CPU
		{89DD2966-E196-4034-AB76-04BEF0C9AD1B}.Release|Any CPU.Build.0 = Release|Any CPU
		{D76C7DC6-A613-4674-A626-6C9B2BFB2828}.Debug|Any CPU.ActiveCfg = Debug|Any CPU
		{D76C7DC6-A613-4674-A626-6C9B2BFB2828}.Debug|Any CPU.Build.0 = Debug|Any CPU
		{D76C7DC6-A613-4674-A626-6C9B2BFB2828}.Release|Any CPU.ActiveCfg = Release|Any CPU
		{D76C7DC6-A613-4674-A626-6C9B2BFB2828}.Release|Any CPU.Build.0 = Release|Any CPU
		{F60DF610-8161-4E87-8CE4-E4F0DA13CA38}.Debug|Any CPU.ActiveCfg = Debug|Any CPU
		{F60DF610-8161-4E87-8CE4-E4F0DA13CA38}.Debug|Any CPU.Build.0 = Debug|Any CPU
		{F60DF610-8161-4E87-8CE4-E4F0DA13CA38}.Release|Any CPU.ActiveCfg = Release|Any CPU
		{F60DF610-8161-4E87-8CE4-E4F0DA13CA38}.Release|Any CPU.Build.0 = Release|Any CPU
		{93059E61-80EC-45CD-8F21-959462AA3EDD}.Debug|Any CPU.ActiveCfg = Debug|Any CPU
		{93059E61-80EC-45CD-8F21-959462AA3EDD}.Debug|Any CPU.Build.0 = Debug|Any CPU
		{93059E61-80EC-45CD-8F21-959462AA3EDD}.Release|Any CPU.ActiveCfg = Release|Any CPU
		{93059E61-80EC-45CD-8F21-959462AA3EDD}.Release|Any CPU.Build.0 = Release|Any CPU
		{44CB96A0-B170-4935-A316-85D3501D3391}.Debug|Any CPU.ActiveCfg = Debug|Any CPU
		{44CB96A0-B170-4935-A316-85D3501D3391}.Debug|Any CPU.Build.0 = Debug|Any CPU
		{44CB96A0-B170-4935-A316-85D3501D3391}.Release|Any CPU.ActiveCfg = Release|Any CPU
		{44CB96A0-B170-4935-A316-85D3501D3391}.Release|Any CPU.Build.0 = Release|Any CPU
	EndGlobalSection
	GlobalSection(SolutionProperties) = preSolution
		HideSolutionNode = FALSE
	EndGlobalSection
	GlobalSection(NestedProjects) = preSolution
		{0276CF16-08D7-4EAE-A186-6299673EC1FF} = {61648849-7FF4-442D-8AEB-129D79CE7ABE}
		{06985F4E-0AD0-444A-B077-487D487E3286} = {08033D37-FA36-4905-A45E-830766FFFE4B}
		{89DD2966-E196-4034-AB76-04BEF0C9AD1B} = {6C79D497-A610-430F-A77D-417AAB9F3D95}
		{D76C7DC6-A613-4674-A626-6C9B2BFB2828} = {6C79D497-A610-430F-A77D-417AAB9F3D95}
		{F60DF610-8161-4E87-8CE4-E4F0DA13CA38} = {6C79D497-A610-430F-A77D-417AAB9F3D95}
		{93059E61-80EC-45CD-8F21-959462AA3EDD} = {6C79D497-A610-430F-A77D-417AAB9F3D95}
		{44CB96A0-B170-4935-A316-85D3501D3391} = {61648849-7FF4-442D-8AEB-129D79CE7ABE}
	EndGlobalSection
	GlobalSection(ExtensibilityGlobals) = postSolution
		SolutionGuid = {B35744FA-1AEF-45C4-B548-ED494C5A1898}
	EndGlobalSection
EndGlobal
